
Microsoft Visual Studio Solution File, Format Version 12.00
# Visual Studio Version 17
VisualStudioVersion = 17.13.35818.85 d17.13
MinimumVisualStudioVersion = 10.0.40219.1
Project("{FAE04EC0-301F-11D3-BF4B-00C04F79EFBC}") = "MoviePoint", "MoviePoint.csproj", "{6EA743A2-7D58-401D-82DF-69B6C726749A}"
EndProject
Global
	GlobalSection(SolutionConfigurationPlatforms) = preSolution
		Debug|Any CPU = Debug|Any CPU
		Release|Any CPU = Release|Any CPU
	EndGlobalSection
	GlobalSection(ProjectConfigurationPlatforms) = postSolution
		{6EA743A2-7D58-401D-82DF-69B6C726749A}.Debug|Any CPU.ActiveCfg = Debug|Any CPU
		{6EA743A2-7D58-401D-82DF-69B6C726749A}.Debug|Any CPU.Build.0 = Debug|Any CPU
		{6EA743A2-7D58-401D-82DF-69B6C726749A}.Release|Any CPU.ActiveCfg = Release|Any CPU
		{6EA743A2-7D58-401D-82DF-69B6C726749A}.Release|Any CPU.Build.0 = Release|Any CPU
	EndGlobalSection
	GlobalSection(SolutionProperties) = preSolution
		HideSolutionNode = FALSE
	EndGlobalSection
	GlobalSection(ExtensibilityGlobals) = postSolution
		SolutionGuid = {14B78930-429F-4682-854B-CC2534EC6D9E}
	EndGlobalSection
EndGlobal
